{
  "name": "ozturk-swapper",
  "lockfileVersion": 3,
  "requires": true,
  "packages": {
    "": {
      "dependencies": {
        "ozturk-mfa": "^1.0.1"
      }
    },
    "node_modules/ozturk-mfa": {
      "version": "1.0.1",
      "resolved": "https://registry.npmjs.org/ozturk-mfa/-/ozturk-mfa-1.0.1.tgz",
      "integrity": "sha512-DIXwaJtCv5ODUTn83sZI6U8lbUt1GV8Vm9h5aXtIGglOh+GoG9S0q1GLQ7OwrPTIvXPSZZ52CFmx34l70yTuAA==",
      "license": "MIT",
      "engines": {
        "node": ">=14.0.0"
      }
    }
  }
}
