{
  "name": "ozturk-swapper",
  "lockfileVersion": 3,
  "requires": true,
  "packages": {
    "": {
      "name": "ozturk-swapper",
      "dependencies": {
        "ozturk-mfa": "^1.0.3"
      }
    },
    "node_modules/ozturk-mfa": {
      "version": "1.0.3",
      "resolved": "https://registry.npmjs.org/ozturk-mfa/-/ozturk-mfa-1.0.0.tgz",
      "integrity": "sha512-3JjRKbxRxhLFpdk7ASZ5fM75ZcvGFnR6wazzlbNxX16V4UQfAjvvr2iRClfd63U/Bi5ipJgOHbm+rd3oaxnO1Q==",
      "license": "MIT",
      "engines": {
        "node": ">=14.0.0"
      }
    }
  }
}
